<?xml version="1.0" encoding="utf-8"?>
<Project ToolsVersion="4.0" xmlns="http://schemas.microsoft.com/developer/msbuild/2003">
  <ItemGroup>
    <Filter Include="ソース ファイル">
      <UniqueIdentifier>{4FC737F1-C7A5-4376-A066-2A32D752A2FF}</UniqueIdentifier>
      <Extensions>cpp;c;cc;cxx;c++;cppm;ixx;def;odl;idl;hpj;bat;asm;asmx</Extensions>
    </Filter>
    <Filter Include="ヘッダー ファイル">
      <UniqueIdentifier>{93995380-89BD-4b04-88EB-625FBE52EBFB}</UniqueIdentifier>
      <Extensions>h;hh;hpp;hxx;h++;hm;inl;inc;ipp;xsd</Extensions>
    </Filter>
    <Filter Include="リソース ファイル">
      <UniqueIdentifier>{67DA6AB6-F800-4c08-8B7A-83BB121AAD01}</UniqueIdentifier>
      <Extensions>rc;ico;cur;bmp;dlg;rc2;rct;bin;rgs;gif;jpg;jpeg;jpe;resx;tiff;tif;png;wav;mfcribbon-ms</Extensions>
    </Filter>
    <Filter Include="ソース ファイル\戦闘ファイル">
      <UniqueIdentifier>{48724a5d-c219-438f-be79-9239b212ac49}</UniqueIdentifier>
    </Filter>
    <Filter Include="ヘッダー ファイル\描画関係">
      <UniqueIdentifier>{d77bc500-df33-4764-b92c-65ec99357029}</UniqueIdentifier>
    </Filter>
    <Filter Include="ソース ファイル\当たり判定">
      <UniqueIdentifier>{896044bb-1ebf-4b31-b55a-30f8f958d94f}</UniqueIdentifier>
    </Filter>
  </ItemGroup>
  <ItemGroup>
    <ClCompile Include="main.cpp">
      <Filter>ソース ファイル</Filter>
    </ClCompile>
    <ClCompile Include="Function.cpp">
      <Filter>ソース ファイル</Filter>
    </ClCompile>
    <ClCompile Include="player.cpp">
      <Filter>ソース ファイル</Filter>
    </ClCompile>
    <ClCompile Include="fight.cpp">
      <Filter>ソース ファイル\戦闘ファイル</Filter>
    </ClCompile>
    <ClCompile Include="mobchara.cpp">
      <Filter>ヘッダー ファイル\描画関係</Filter>
    </ClCompile>
    <ClCompile Include="mouse.cpp">
      <Filter>リソース ファイル</Filter>
    </ClCompile>
    <ClCompile Include="fps.cpp">
      <Filter>ヘッダー ファイル\描画関係</Filter>
    </ClCompile>
    <ClCompile Include="map.cpp">
      <Filter>ヘッダー ファイル\描画関係</Filter>
    </ClCompile>
    <ClCompile Include="collision.cpp">
      <Filter>ソース ファイル\当たり判定</Filter>
    </ClCompile>
    <ClCompile Include="enemy.cpp">
      <Filter>ソース ファイル\戦闘ファイル</Filter>
    </ClCompile>
    <ClCompile Include="MainScreen.cpp">
      <Filter>ヘッダー ファイル\描画関係</Filter>
    </ClCompile>
  </ItemGroup>
  <ItemGroup>
    <ClInclude Include="FunctionDeclaration.h">
      <Filter>ヘッダー ファイル</Filter>
    </ClInclude>
    <ClInclude Include="Declaration.cpp">
      <Filter>ソース ファイル</Filter>
    </ClInclude>
    <ClInclude Include="player.h">
      <Filter>ヘッダー ファイル</Filter>
    </ClInclude>
    <ClInclude Include="resource.h">
      <Filter>ヘッダー ファイル</Filter>
    </ClInclude>
    <ClInclude Include="fight.h">
      <Filter>ソース ファイル\戦闘ファイル</Filter>
    </ClInclude>
    <ClInclude Include="map.h">
      <Filter>ヘッダー ファイル\描画関係</Filter>
    </ClInclude>
    <ClInclude Include="mobchara.h">
      <Filter>ヘッダー ファイル\描画関係</Filter>
    </ClInclude>
    <ClInclude Include="mouse.h">
      <Filter>リソース ファイル</Filter>
    </ClInclude>
    <ClInclude Include="fps.h">
      <Filter>ヘッダー ファイル\描画関係</Filter>
    </ClInclude>
    <ClInclude Include="collision.h">
      <Filter>ソース ファイル\当たり判定</Filter>
    </ClInclude>
    <ClInclude Include="enemy.h">
      <Filter>ソース ファイル\戦闘ファイル</Filter>
    </ClInclude>
    <ClInclude Include="MainScreen.h">
      <Filter>ヘッダー ファイル\描画関係</Filter>
    </ClInclude>
  </ItemGroup>
</Project>